
Microsoft Visual Studio Solution File, Format Version 12.00
# Visual Studio Version 17
VisualStudioVersion = 17.10.35027.167
MinimumVisualStudioVersion = 10.0.40219.1
Project("{FAE04EC0-301F-11D3-BF4B-00C04F79EFBC}") = "Advanced-Assigment02", "Advanced-Assigment02\Advanced-Assigment02.csproj", "{6B610E75-7169-4C4A-9E53-9D17E181D8D6}"
EndProject
Global
	GlobalSection(SolutionConfigurationPlatforms) = preSolution
		Debug|Any CPU = Debug|Any CPU
		Release|Any CPU = Release|Any CPU
	EndGlobalSection
	GlobalSection(ProjectConfigurationPlatforms) = postSolution
		{6B610E75-7169-4C4A-9E53-9D17E181D8D6}.Debug|Any CPU.ActiveCfg = Debug|Any CPU
		{6B610E75-7169-4C4A-9E53-9D17E181D8D6}.Debug|Any CPU.Build.0 = Debug|Any CPU
		{6B610E75-7169-4C4A-9E53-9D17E181D8D6}.Release|Any CPU.ActiveCfg = Release|Any CPU
		{6B610E75-7169-4C4A-9E53-9D17E181D8D6}.Release|Any CPU.Build.0 = Release|Any CPU
	EndGlobalSection
	GlobalSection(SolutionProperties) = preSolution
		HideSolutionNode = FALSE
	EndGlobalSection
	GlobalSection(ExtensibilityGlobals) = postSolution
		SolutionGuid = {328A00F5-FAD3-4EA6-B16C-747BF84EC4AB}
	EndGlobalSection
EndGlobal
